
Microsoft Visual Studio Solution File, Format Version 12.00
# Visual Studio 14
VisualStudioVersion = 14.0.25420.1
MinimumVisualStudioVersion = 10.0.40219.1
Project("{8BC9CEB8-8B4A-11D0-8D11-00A0C91BC942}") = "RegProvider", "RegProvider\RegProvider.vcxproj", "{93A778E9-8F70-42C7-BF58-D08B5C6D348F}"
EndProject
Project("{FAE04EC0-301F-11D3-BF4B-00C04F79EFBC}") = "Configurator", "Configurator\Configurator.csproj", "{F3A59C01-A7A7-45E6-914A-8206C8DA02F9}"
EndProject
Project("{8BC9CEB8-8B4A-11D0-8D11-00A0C91BC942}") = "ConfigurableShell", "ConfigurableShell\ConfigurableShell.vcxproj", "{B8642BA3-D582-4F2B-9CB5-5CD5C089D76F}"
EndProject
Project("{8BC9CEB8-8B4A-11D0-8D11-00A0C91BC942}") = "BootShellCredentialProvider", "CredentialProvider\BootShellCredentialProvider.vcxproj", "{98E74D71-5237-41FA-8D36-206C0D110626}"
EndProject
Project("{54435603-DBB4-11D2-8724-00A0C9A8B90C}") = "Winstaller", "Winstaller\Winstaller.vdproj", "{EDCE4E9D-3C5C-433D-87B0-0D296D5907E5}"
EndProject
Global
	GlobalSection(SolutionConfigurationPlatforms) = preSolution
		Debug|Any CPU = Debug|Any CPU
		Debug|ARM = Debug|ARM
		Debug|x64 = Debug|x64
		Debug|x86 = Debug|x86
		Release|Any CPU = Release|Any CPU
		Release|ARM = Release|ARM
		Release|x64 = Release|x64
		Release|x86 = Release|x86
	EndGlobalSection
	GlobalSection(ProjectConfigurationPlatforms) = postSolution
		{93A778E9-8F70-42C7-BF58-D08B5C6D348F}.Debug|Any CPU.ActiveCfg = Debug|Win32
		{93A778E9-8F70-42C7-BF58-D08B5C6D348F}.Debug|ARM.ActiveCfg = Debug|Win32
		{93A778E9-8F70-42C7-BF58-D08B5C6D348F}.Debug|x64.ActiveCfg = Debug|x64
		{93A778E9-8F70-42C7-BF58-D08B5C6D348F}.Debug|x64.Build.0 = Debug|x64
		{93A778E9-8F70-42C7-BF58-D08B5C6D348F}.Debug|x86.ActiveCfg = Debug|Win32
		{93A778E9-8F70-42C7-BF58-D08B5C6D348F}.Debug|x86.Build.0 = Debug|Win32
		{93A778E9-8F70-42C7-BF58-D08B5C6D348F}.Release|Any CPU.ActiveCfg = Release|Win32
		{93A778E9-8F70-42C7-BF58-D08B5C6D348F}.Release|ARM.ActiveCfg = Release|Win32
		{93A778E9-8F70-42C7-BF58-D08B5C6D348F}.Release|x64.ActiveCfg = Release|x64
		{93A778E9-8F70-42C7-BF58-D08B5C6D348F}.Release|x64.Build.0 = Release|x64
		{93A778E9-8F70-42C7-BF58-D08B5C6D348F}.Release|x64.Deploy.0 = Release|x64
		{93A778E9-8F70-42C7-BF58-D08B5C6D348F}.Release|x86.ActiveCfg = Release|Win32
		{93A778E9-8F70-42C7-BF58-D08B5C6D348F}.Release|x86.Build.0 = Release|Win32
		{F3A59C01-A7A7-45E6-914A-8206C8DA02F9}.Debug|Any CPU.ActiveCfg = Debug|Any CPU
		{F3A59C01-A7A7-45E6-914A-8206C8DA02F9}.Debug|Any CPU.Build.0 = Debug|Any CPU
		{F3A59C01-A7A7-45E6-914A-8206C8DA02F9}.Debug|ARM.ActiveCfg = Debug|Any CPU
		{F3A59C01-A7A7-45E6-914A-8206C8DA02F9}.Debug|ARM.Build.0 = Debug|Any CPU
		{F3A59C01-A7A7-45E6-914A-8206C8DA02F9}.Debug|x64.ActiveCfg = Debug|Any CPU
		{F3A59C01-A7A7-45E6-914A-8206C8DA02F9}.Debug|x64.Build.0 = Debug|Any CPU
		{F3A59C01-A7A7-45E6-914A-8206C8DA02F9}.Debug|x86.ActiveCfg = Debug|Any CPU
		{F3A59C01-A7A7-45E6-914A-8206C8DA02F9}.Debug|x86.Build.0 = Debug|Any CPU
		{F3A59C01-A7A7-45E6-914A-8206C8DA02F9}.Release|Any CPU.ActiveCfg = Release|Any CPU
		{F3A59C01-A7A7-45E6-914A-8206C8DA02F9}.Release|Any CPU.Build.0 = Release|Any CPU
		{F3A59C01-A7A7-45E6-914A-8206C8DA02F9}.Release|ARM.ActiveCfg = Release|Any CPU
		{F3A59C01-A7A7-45E6-914A-8206C8DA02F9}.Release|ARM.Build.0 = Release|Any CPU
		{F3A59C01-A7A7-45E6-914A-8206C8DA02F9}.Release|x64.ActiveCfg = Release|Any CPU
		{F3A59C01-A7A7-45E6-914A-8206C8DA02F9}.Release|x64.Build.0 = Release|Any CPU
		{F3A59C01-A7A7-45E6-914A-8206C8DA02F9}.Release|x86.ActiveCfg = Release|Any CPU
		{F3A59C01-A7A7-45E6-914A-8206C8DA02F9}.Release|x86.Build.0 = Release|Any CPU
		{B8642BA3-D582-4F2B-9CB5-5CD5C089D76F}.Debug|Any CPU.ActiveCfg = Debug|Win32
		{B8642BA3-D582-4F2B-9CB5-5CD5C089D76F}.Debug|ARM.ActiveCfg = Debug|Win32
		{B8642BA3-D582-4F2B-9CB5-5CD5C089D76F}.Debug|x64.ActiveCfg = Debug|x64
		{B8642BA3-D582-4F2B-9CB5-5CD5C089D76F}.Debug|x64.Build.0 = Debug|x64
		{B8642BA3-D582-4F2B-9CB5-5CD5C089D76F}.Debug|x86.ActiveCfg = Debug|Win32
		{B8642BA3-D582-4F2B-9CB5-5CD5C089D76F}.Debug|x86.Build.0 = Debug|Win32
		{B8642BA3-D582-4F2B-9CB5-5CD5C089D76F}.Release|Any CPU.ActiveCfg = Release|Win32
		{B8642BA3-D582-4F2B-9CB5-5CD5C089D76F}.Release|ARM.ActiveCfg = Release|Win32
		{B8642BA3-D582-4F2B-9CB5-5CD5C089D76F}.Release|x64.ActiveCfg = Release|x64
		{B8642BA3-D582-4F2B-9CB5-5CD5C089D76F}.Release|x64.Build.0 = Release|x64
		{B8642BA3-D582-4F2B-9CB5-5CD5C089D76F}.Release|x86.ActiveCfg = Release|Win32
		{B8642BA3-D582-4F2B-9CB5-5CD5C089D76F}.Release|x86.Build.0 = Release|Win32
		{98E74D71-5237-41FA-8D36-206C0D110626}.Debug|Any CPU.ActiveCfg = Debug|Win32
		{98E74D71-5237-41FA-8D36-206C0D110626}.Debug|ARM.ActiveCfg = Debug|Win32
		{98E74D71-5237-41FA-8D36-206C0D110626}.Debug|x64.ActiveCfg = Debug|x64
		{98E74D71-5237-41FA-8D36-206C0D110626}.Debug|x64.Build.0 = Debug|x64
		{98E74D71-5237-41FA-8D36-206C0D110626}.Debug|x86.ActiveCfg = Debug|Win32
		{98E74D71-5237-41FA-8D36-206C0D110626}.Debug|x86.Build.0 = Debug|Win32
		{98E74D71-5237-41FA-8D36-206C0D110626}.Release|Any CPU.ActiveCfg = Release|Win32
		{98E74D71-5237-41FA-8D36-206C0D110626}.Release|ARM.ActiveCfg = Release|Win32
		{98E74D71-5237-41FA-8D36-206C0D110626}.Release|x64.ActiveCfg = Release|x64
		{98E74D71-5237-41FA-8D36-206C0D110626}.Release|x64.Build.0 = Release|x64
		{98E74D71-5237-41FA-8D36-206C0D110626}.Release|x86.ActiveCfg = Release|Win32
		{98E74D71-5237-41FA-8D36-206C0D110626}.Release|x86.Build.0 = Release|Win32
		{EDCE4E9D-3C5C-433D-87B0-0D296D5907E5}.Debug|Any CPU.ActiveCfg = Debug
		{EDCE4E9D-3C5C-433D-87B0-0D296D5907E5}.Debug|ARM.ActiveCfg = Debug
		{EDCE4E9D-3C5C-433D-87B0-0D296D5907E5}.Debug|x64.ActiveCfg = Debug
		{EDCE4E9D-3C5C-433D-87B0-0D296D5907E5}.Debug|x86.ActiveCfg = Debug
		{EDCE4E9D-3C5C-433D-87B0-0D296D5907E5}.Release|Any CPU.ActiveCfg = Release
		{EDCE4E9D-3C5C-433D-87B0-0D296D5907E5}.Release|ARM.ActiveCfg = Release
		{EDCE4E9D-3C5C-433D-87B0-0D296D5907E5}.Release|x64.ActiveCfg = Release
		{EDCE4E9D-3C5C-433D-87B0-0D296D5907E5}.Release|x86.ActiveCfg = Release
	EndGlobalSection
	GlobalSection(SolutionProperties) = preSolution
		HideSolutionNode = FALSE
	EndGlobalSection
EndGlobal
